# This file is automatically @generated by Cargo.
# It is not intended for manual editing.
version = 4

[[package]]
name = "ffier"
version = "0.1.0"
dependencies = [
 "ffier-annotations",
 "ffier-rt",
]

[[package]]
name = "ffier-annotations"
version = "0.1.0"
dependencies = [
 "ffier-meta",
 "proc-macro2",
 "quote",
 "syn",
]

[[package]]
name = "ffier-gen-c"
version = "0.1.0"
dependencies = [
 "ffier-meta",
 "proc-macro2",
 "quote",
 "syn",
]

[[package]]
name = "ffier-gen-c-macros"
version = "0.1.0"
dependencies = [
 "ffier-gen-c",
]

[[package]]
name = "ffier-gen-rust"
version = "0.1.0"
dependencies = [
 "ffier-gen-c",
 "ffier-meta",
 "proc-macro2",
 "quote",
 "syn",
]

[[package]]
name = "ffier-meta"
version = "0.1.0"
dependencies = [
 "proc-macro2",
 "quote",
 "syn",
]

[[package]]
name = "ffier-rt"
version = "0.1.0"

[[package]]
name = "ffier-test-cdylib"
version = "0.1.0"
dependencies = [
 "ffier",
 "ffier-gen-c",
 "ffier-gen-c-macros",
 "ffier-gen-rust",
 "ffier-test-lib",
]

[[package]]
name = "ffier-test-consumer"
version = "0.1.0"
dependencies = [
 "ffier-test-lib",
 "ffier-test-lib-via-cdylib",
]

[[package]]
name = "ffier-test-lib"
version = "0.1.0"
dependencies = [
 "ffier",
]

[[package]]
name = "ffier-test-lib-via-cdylib"
version = "0.1.0"
dependencies = [
 "ffier",
]

[[package]]
name = "ffier-test-submodule-cdylib"
version = "0.1.0"
dependencies = [
 "ffier",
 "ffier-gen-c",
 "ffier-gen-c-macros",
 "ffier-test-submodule-lib",
]

[[package]]
name = "ffier-test-submodule-lib"
version = "0.1.0"
dependencies = [
 "ffier",
]

[[package]]
name = "mylib"
version = "0.1.0"
dependencies = [
 "ffier",
]

[[package]]
name = "mylib-cdylib"
version = "0.1.0"
dependencies = [
 "ffier",
 "ffier-gen-c",
 "ffier-gen-c-macros",
 "ffier-gen-rust",
 "mylib",
]

[[package]]
name = "mylib-rust-consumer"
version = "0.1.0"
dependencies = [
 "mylib",
 "mylib-via-cdylib",
]

[[package]]
name = "mylib-via-cdylib"
version = "0.1.0"
dependencies = [
 "ffier",
]

[[package]]
name = "proc-macro2"
version = "1.0.106"
source = "registry+https://github.com/rust-lang/crates.io-index"
checksum = "8fd00f0bb2e90d81d1044c2b32617f68fcb9fa3bb7640c23e9c748e53fb30934"
dependencies = [
 "unicode-ident",
]

[[package]]
name = "quote"
version = "1.0.45"
source = "registry+https://github.com/rust-lang/crates.io-index"
checksum = "41f2619966050689382d2b44f664f4bc593e129785a36d6ee376ddf37259b924"
dependencies = [
 "proc-macro2",
]

[[package]]
name = "syn"
version = "2.0.117"
source = "registry+https://github.com/rust-lang/crates.io-index"
checksum = "e665b8803e7b1d2a727f4023456bbbbe74da67099c585258af0ad9c5013b9b99"
dependencies = [
 "proc-macro2",
 "quote",
 "unicode-ident",
]

[[package]]
name = "unicode-ident"
version = "1.0.24"
source = "registry+https://github.com/rust-lang/crates.io-index"
checksum = "e6e4313cd5fcd3dad5cafa179702e2b244f760991f45397d14d4ebf38247da75"
